// !$*UTF8*$!
{
	archiveVersion = 1;
	classes = {
	};
	objectVersion = 48;
	objects = {

/* Begin PBXBuildFile section */
		76A3C785206C6A8500E6F6A1 /* AppDelegate.swift in Sources */ = {isa = PBXBuildFile; fileRef = 76A3C784206C6A8500E6F6A1 /* AppDelegate.swift */; };
		76A3C787206C6A8500E6F6A1 /* ViewController.swift in Sources */ = {isa = PBXBuildFile; fileRef = 76A3C786206C6A8500E6F6A1 /* ViewController.swift */; };
		76A3C78A206C6A8500E6F6A1 /* Main.storyboard in Resources */ = {isa = PBXBuildFile; fileRef = 76A3C788206C6A8500E6F6A1 /* Main.storyboard */; };
		76A3C78C206C6A8500E6F6A1 /* Assets.xcassets in Resources */ = {isa = PBXBuildFile; fileRef = 76A3C78B206C6A8500E6F6A1 /* Assets.xcassets */; };
		76A3C78F206C6A8500E6F6A1 /* LaunchScreen.storyboard in Resources */ = {isa = PBXBuildFile; fileRef = 76A3C78D206C6A8500E6F6A1 /* LaunchScreen.storyboard */; };
		76A3C79A206C6A8500E6F6A1 /* BuggyTests.swift in Sources */ = {isa = PBXBuildFile; fileRef = 76A3C799206C6A8500E6F6A1 /* BuggyTests.swift */; };
		76A3C7A5206C6A8500E6F6A1 /* BuggyUITests.swift in Sources */ = {isa = PBXBuildFile; fileRef = 76A3C7A4206C6A8500E6F6A1 /* BuggyUITests.swift */; };
/* End PBXBuildFile section */

/* Begin PBXContainerItemProxy section */
		76A3C796206C6A8500E6F6A1 /* PBXContainerItemProxy */ = {
			isa = PBXContainerItemProxy;
			containerPortal = 76A3C779206C6A8500E6F6A1 /* Project object */;
			proxyType = 1;
			remoteGlobalIDString = 76A3C780206C6A8500E6F6A1;
			remoteInfo = Buggy;
		};
		76A3C7A1206C6A8500E6F6A1 /* PBXContainerItemProxy */ = {
			isa = PBXContainerItemProxy;
			containerPortal = 76A3C779206C6A8500E6F6A1 /* Project object */;
			proxyType = 1;
			remoteGlobalIDString = 76A3C780206C6A8500E6F6A1;
			remoteInfo = Buggy;
		};
/* End PBXContainerItemProxy section */

/* Begin PBXFileReference section */
		76A3C781206C6A8500E6F6A1 /* Buggy.app */ = {isa = PBXFileReference; explicitFileType = wrapper.application; includeInIndex = 0; path = Buggy.app; sourceTree = BUILT_PRODUCTS_DIR; };
		76A3C784206C6A8500E6F6A1 /* AppDelegate.swift */ = {isa = PBXFileReference; lastKnownFileType = sourcecode.swift; path = AppDelegate.swift; sourceTree = "<group>"; };
		76A3C786206C6A8500E6F6A1 /* ViewController.swift */ = {isa = PBXFileReference; lastKnownFileType = sourcecode.swift; path = ViewController.swift; sourceTree = "<group>"; };
		76A3C789206C6A8500E6F6A1 /* Base */ = {isa = PBXFileReference; lastKnownFileType = file.storyboard; name = Base; path = Base.lproj/Main.storyboard; sourceTree = "<group>"; };
		76A3C78B206C6A8500E6F6A1 /* Assets.xcassets */ = {isa = PBXFileReference; lastKnownFileType = folder.assetcatalog; path = Assets.xcassets; sourceTree = "<group>"; };
		76A3C78E206C6A8500E6F6A1 /* Base */ = {isa = PBXFileReference; lastKnownFileType = file.storyboard; name = Base; path = Base.lproj/LaunchScreen.storyboard; sourceTree = "<group>"; };
		76A3C790206C6A8500E6F6A1 /* Info.plist */ = {isa = PBXFileReference; lastKnownFileType = text.plist.xml; path = Info.plist; sourceTree = "<group>"; };
		76A3C795206C6A8500E6F6A1 /* BuggyTests.xctest */ = {isa = PBXFileReference; explicitFileType = wrapper.cfbundle; includeInIndex = 0; path = BuggyTests.xctest; sourceTree = BUILT_PRODUCTS_DIR; };
		76A3C799206C6A8500E6F6A1 /* BuggyTests.swift */ = {isa = PBXFileReference; lastKnownFileType = sourcecode.swift; path = BuggyTests.swift; sourceTree = "<group>"; };
		76A3C79B206C6A8500E6F6A1 /* Info.plist */ = {isa = PBXFileReference; lastKnownFileType = text.plist.xml; path = Info.plist; sourceTree = "<group>"; };
		76A3C7A0206C6A8500E6F6A1 /* BuggyUITests.xctest */ = {isa = PBXFileReference; explicitFileType = wrapper.cfbundle; includeInIndex = 0; path = BuggyUITests.xctest; sourceTree = BUILT_PRODUCTS_DIR; };
		76A3C7A4206C6A8500E6F6A1 /* BuggyUITests.swift */ = {isa = PBXFileReference; lastKnownFileType = sourcecode.swift; path = BuggyUITests.swift; sourceTree = "<group>"; };
		76A3C7A6206C6A8500E6F6A1 /* Info.plist */ = {isa = PBXFileReference; lastKnownFileType = text.plist.xml; path = Info.plist; sourceTree = "<group>"; };
/* End PBXFileReference section */

/* Begin PBXFrameworksBuildPhase section */
		76A3C77E206C6A8500E6F6A1 /* Frameworks */ = {
			isa = PBXFrameworksBuildPhase;
			buildActionMask = 2147483647;
			files = (
			);
			runOnlyForDeploymentPostprocessing = 0;
		};
		76A3C792206C6A8500E6F6A1 /* Frameworks */ = {
			isa = PBXFrameworksBuildPhase;
			buildActionMask = 2147483647;
			files = (
			);
			runOnlyForDeploymentPostprocessing = 0;
		};
		76A3C79D206C6A8500E6F6A1 /* Frameworks */ = {
			isa = PBXFrameworksBuildPhase;
			buildActionMask = 2147483647;
			files = (
			);
			runOnlyForDeploymentPostprocessing = 0;
		};
/* End PBXFrameworksBuildPhase section */

/* Begin PBXGroup section */
		76A3C778206C6A8500E6F6A1 = {
			isa = PBXGroup;
			children = (
				76A3C783206C6A8500E6F6A1 /* Buggy */,
				76A3C798206C6A8500E6F6A1 /* BuggyTests */,
				76A3C7A3206C6A8500E6F6A1 /* BuggyUITests */,
				76A3C782206C6A8500E6F6A1 /* Products */,
			);
			sourceTree = "<group>";
		};
		76A3C782206C6A8500E6F6A1 /* Products */ = {
			isa = PBXGroup;
			children = (
				76A3C781206C6A8500E6F6A1 /* Buggy.app */,
				76A3C795206C6A8500E6F6A1 /* BuggyTests.xctest */,
				76A3C7A0206C6A8500E6F6A1 /* BuggyUITests.xctest */,
			);
			name = Products;
			sourceTree = "<group>";
		};
		76A3C783206C6A8500E6F6A1 /* Buggy */ = {
			isa = PBXGroup;
			children = (
				76A3C784206C6A8500E6F6A1 /* AppDelegate.swift */,
				76A3C786206C6A8500E6F6A1 /* ViewController.swift */,
				76A3C788206C6A8500E6F6A1 /* Main.storyboard */,
				76A3C78B206C6A8500E6F6A1 /* Assets.xcassets */,
				76A3C78D206C6A8500E6F6A1 /* LaunchScreen.storyboard */,
				76A3C790206C6A8500E6F6A1 /* Info.plist */,
			);
			path = Buggy;
			sourceTree = "<group>";
		};
		76A3C798206C6A8500E6F6A1 /* BuggyTests */ = {
			isa = PBXGroup;
			children = (
				76A3C799206C6A8500E6F6A1 /* BuggyTests.swift */,
				76A3C79B206C6A8500E6F6A1 /* Info.plist */,
			);
			path = BuggyTests;
			sourceTree = "<group>";
		};
		76A3C7A3206C6A8500E6F6A1 /* BuggyUITests */ = {
			isa = PBXGroup;
			children = (
				76A3C7A4206C6A8500E6F6A1 /* BuggyUITests.swift */,
				76A3C7A6206C6A8500E6F6A1 /* Info.plist */,
			);
			path = BuggyUITests;
			sourceTree = "<group>";
		};
/* End PBXGroup section */

/* Begin PBXNativeTarget section */
		76A3C780206C6A8500E6F6A1 /* Buggy */ = {
			isa = PBXNativeTarget;
			buildConfigurationList = 76A3C7A9206C6A8500E6F6A1 /* Build configuration list for PBXNativeTarget "Buggy" */;
			buildPhases = (
				76A3C77D206C6A8500E6F6A1 /* Sources */,
				76A3C77E206C6A8500E6F6A1 /* Frameworks */,
				76A3C77F206C6A8500E6F6A1 /* Resources */,
			);
			buildRules = (
			);
			dependencies = (
			);
			name = Buggy;
			productName = Buggy;
			productReference = 76A3C781206C6A8500E6F6A1 /* Buggy.app */;
			productType = "com.apple.product-type.application";
		};
		76A3C794206C6A8500E6F6A1 /* BuggyTests */ = {
			isa = PBXNativeTarget;
			buildConfigurationList = 76A3C7AC206C6A8500E6F6A1 /* Build configuration list for PBXNativeTarget "BuggyTests" */;
			buildPhases = (
				76A3C791206C6A8500E6F6A1 /* Sources */,
				76A3C792206C6A8500E6F6A1 /* Frameworks */,
				76A3C793206C6A8500E6F6A1 /* Resources */,
			);
			buildRules = (
			);
			dependencies = (
				76A3C797206C6A8500E6F6A1 /* PBXTargetDependency */,
			);
			name = BuggyTests;
			productName = BuggyTests;
			productReference = 76A3C795206C6A8500E6F6A1 /* BuggyTests.xctest */;
			productType = "com.apple.product-type.bundle.unit-test";
		};
		76A3C79F206C6A8500E6F6A1 /* BuggyUITests */ = {
			isa = PBXNativeTarget;
			buildConfigurationList = 76A3C7AF206C6A8500E6F6A1 /* Build configuration list for PBXNativeTarget "BuggyUITests" */;
			buildPhases = (
				76A3C79C206C6A8500E6F6A1 /* Sources */,
				76A3C79D206C6A8500E6F6A1 /* Frameworks */,
				76A3C79E206C6A8500E6F6A1 /* Resources */,
			);
			buildRules = (
			);
			dependencies = (
				76A3C7A2206C6A8500E6F6A1 /* PBXTargetDependency */,
			);
			name = BuggyUITests;
			productName = BuggyUITests;
			productReference = 76A3C7A0206C6A8500E6F6A1 /* BuggyUITests.xctest */;
			productType = "com.apple.product-type.bundle.ui-testing";
		};
/* End PBXNativeTarget section */

/* Begin PBXProject section */
		76A3C779206C6A8500E6F6A1 /* Project object */ = {
			isa = PBXProject;
			attributes = {
				LastSwiftUpdateCheck = 0920;
				LastUpgradeCheck = 0920;
				ORGANIZATIONNAME = "Alberto Sánchez Bazán";
				TargetAttributes = {
					76A3C780206C6A8500E6F6A1 = {
						CreatedOnToolsVersion = 9.2;
						ProvisioningStyle = Automatic;
					};
					76A3C794206C6A8500E6F6A1 = {
						CreatedOnToolsVersion = 9.2;
						ProvisioningStyle = Automatic;
						TestTargetID = 76A3C780206C6A8500E6F6A1;
					};
					76A3C79F206C6A8500E6F6A1 = {
						CreatedOnToolsVersion = 9.2;
						ProvisioningStyle = Automatic;
						TestTargetID = 76A3C780206C6A8500E6F6A1;
					};
				};
			};
			buildConfigurationList = 76A3C77C206C6A8500E6F6A1 /* Build configuration list for PBXProject "Buggy" */;
			compatibilityVersion = "Xcode 8.0";
			developmentRegion = en;
			hasScannedForEncodings = 0;
			knownRegions = (
				en,
				Base,
			);
			mainGroup = 76A3C778206C6A8500E6F6A1;
			productRefGroup = 76A3C782206C6A8500E6F6A1 /* Products */;
			projectDirPath = "";
			projectRoot = "";
			targets = (
				76A3C780206C6A8500E6F6A1 /* Buggy */,
				76A3C794206C6A8500E6F6A1 /* BuggyTests */,
				76A3C79F206C6A8500E6F6A1 /* BuggyUITests */,
			);
		};
/* End PBXProject section */

/* Begin PBXResourcesBuildPhase section */
		76A3C77F206C6A8500E6F6A1 /* Resources */ = {
			isa = PBXResourcesBuildPhase;
			buildActionMask = 2147483647;
			files = (
				76A3C78F206C6A8500E6F6A1 /* LaunchScreen.storyboard in Resources */,
				76A3C78C206C6A8500E6F6A1 /* Assets.xcassets in Resources */,
				76A3C78A206C6A8500E6F6A1 /* Main.storyboard in Resources */,
			);
			runOnlyForDeploymentPostprocessing = 0;
		};
		76A3C793206C6A8500E6F6A1 /* Resources */ = {
			isa = PBXResourcesBuildPhase;
			buildActionMask = 2147483647;
			files = (
			);
			runOnlyForDeploymentPostprocessing = 0;
		};
		76A3C79E206C6A8500E6F6A1 /* Resources */ = {
			isa = PBXResourcesBuildPhase;
			buildActionMask = 2147483647;
			files = (
			);
			runOnlyForDeploymentPostprocessing = 0;
		};
/* End PBXResourcesBuildPhase section */

/* Begin PBXSourcesBuildPhase section */
		76A3C77D206C6A8500E6F6A1 /* Sources */ = {
			isa = PBXSourcesBuildPhase;
			buildActionMask = 2147483647;
			files = (
				76A3C787206C6A8500E6F6A1 /* ViewController.swift in Sources */,
				76A3C785206C6A8500E6F6A1 /* AppDelegate.swift in Sources */,
			);
			runOnlyForDeploymentPostprocessing = 0;
		};
		76A3C791206C6A8500E6F6A1 /* Sources */ = {
			isa = PBXSourcesBuildPhase;
			buildActionMask = 2147483647;
			files = (
				76A3C79A206C6A8500E6F6A1 /* BuggyTests.swift in Sources */,
			);
			runOnlyForDeploymentPostprocessing = 0;
		};
		76A3C79C206C6A8500E6F6A1 /* Sources */ = {
			isa = PBXSourcesBuildPhase;
			buildActionMask = 2147483647;
			files = (
				76A3C7A5206C6A8500E6F6A1 /* BuggyUITests.swift in Sources */,
			);
			runOnlyForDeploymentPostprocessing = 0;
		};
/* End PBXSourcesBuildPhase section */

/* Begin PBXTargetDependency section */
		76A3C797206C6A8500E6F6A1 /* PBXTargetDependency */ = {
			isa = PBXTargetDependency;
			target = 76A3C780206C6A8500E6F6A1 /* Buggy */;
			targetProxy = 76A3C796206C6A8500E6F6A1 /* PBXContainerItemProxy */;
		};
		76A3C7A2206C6A8500E6F6A1 /* PBXTargetDependency */ = {
			isa = PBXTargetDependency;
			target = 76A3C780206C6A8500E6F6A1 /* Buggy */;
			targetProxy = 76A3C7A1206C6A8500E6F6A1 /* PBXContainerItemProxy */;
		};
/* End PBXTargetDependency section */

/* Begin PBXVariantGroup section */
		76A3C788206C6A8500E6F6A1 /* Main.storyboard */ = {
			isa = PBXVariantGroup;
			children = (
				76A3C789206C6A8500E6F6A1 /* Base */,
			);
			name = Main.storyboard;
			sourceTree = "<group>";
		};
		76A3C78D206C6A8500E6F6A1 /* LaunchScreen.storyboard */ = {
			isa = PBXVariantGroup;
			children = (
				76A3C78E206C6A8500E6F6A1 /* Base */,
			);
			name = LaunchScreen.storyboard;
			sourceTree = "<group>";
		};
/* End PBXVariantGroup section */

/* Begin XCBuildConfiguration section */
		76A3C7A7206C6A8500E6F6A1 /* Debug */ = {
			isa = XCBuildConfiguration;
			buildSettings = {
				ALWAYS_SEARCH_USER_PATHS = NO;
				CLANG_ANALYZER_NONNULL = YES;
				CLANG_ANALYZER_NUMBER_OBJECT_CONVERSION = YES_AGGRESSIVE;
				CLANG_CXX_LANGUAGE_STANDARD = "gnu++14";
				CLANG_CXX_LIBRARY = "libc++";
				CLANG_ENABLE_MODULES = YES;
				CLANG_ENABLE_OBJC_ARC = YES;
				CLANG_WARN_BLOCK_CAPTURE_AUTORELEASING = YES;
				CLANG_WARN_BOOL_CONVERSION = YES;
				CLANG_WARN_COMMA = YES;
				CLANG_WARN_CONSTANT_CONVERSION = YES;
				CLANG_WARN_DIRECT_OBJC_ISA_USAGE = YES_ERROR;
				CLANG_WARN_DOCUMENTATION_COMMENTS = YES;
				CLANG_WARN_EMPTY_BODY = YES;
				CLANG_WARN_ENUM_CONVERSION = YES;
				CLANG_WARN_INFINITE_RECURSION = YES;
				CLANG_WARN_INT_CONVERSION = YES;
				CLANG_WARN_NON_LITERAL_NULL_CONVERSION = YES;
				CLANG_WARN_OBJC_LITERAL_CONVERSION = YES;
				CLANG_WARN_OBJC_ROOT_CLASS = YES_ERROR;
				CLANG_WARN_RANGE_LOOP_ANALYSIS = YES;
				CLANG_WARN_STRICT_PROTOTYPES = YES;
				CLANG_WARN_SUSPICIOUS_MOVE = YES;
				CLANG_WARN_UNGUARDED_AVAILABILITY = YES_AGGRESSIVE;
				CLANG_WARN_UNREACHABLE_CODE = YES;
				CLANG_WARN__DUPLICATE_METHOD_MATCH = YES;
				CODE_SIGN_IDENTITY = "iPhone Developer";
				COPY_PHASE_STRIP = NO;
				DEBUG_INFORMATION_FORMAT = dwarf;
				ENABLE_STRICT_OBJC_MSGSEND = YES;
				ENABLE_TESTABILITY = YES;
				GCC_C_LANGUAGE_STANDARD = gnu11;
				GCC_DYNAMIC_NO_PIC = NO;
				GCC_NO_COMMON_BLOCKS = YES;
				GCC_OPTIMIZATION_LEVEL = 0;
				GCC_PREPROCESSOR_DEFINITIONS = (
					"DEBUG=1",
					"$(inherited)",
				);
				GCC_WARN_64_TO_32_BIT_CONVERSION = YES;
				GCC_WARN_ABOUT_RETURN_TYPE = YES_ERROR;
				GCC_WARN_UNDECLARED_SELECTOR = YES;
				GCC_WARN_UNINITIALIZED_AUTOS = YES_AGGRESSIVE;
				GCC_WARN_UNUSED_FUNCTION = YES;
				GCC_WARN_UNUSED_VARIABLE = YES;
				IPHONEOS_DEPLOYMENT_TARGET = 11.2;
				MTL_ENABLE_DEBUG_INFO = YES;
				ONLY_ACTIVE_ARCH = YES;
				SDKROOT = iphoneos;
				SWIFT_ACTIVE_COMPILATION_CONDITIONS = DEBUG;
				SWIFT_OPTIMIZATION_LEVEL = "-Onone";
			};
			name = Debug;
		};
		76A3C7A8206C6A8500E6F6A1 /* Release */ = {
			isa = XCBuildConfiguration;
			buildSettings = {
				ALWAYS_SEARCH_USER_PATHS = NO;
				CLANG_ANALYZER_NONNULL = YES;
				CLANG_ANALYZER_NUMBER_OBJECT_CONVERSION = YES_AGGRESSIVE;
				CLANG_CXX_LANGUAGE_STANDARD = "gnu++14";
				CLANG_CXX_LIBRARY = "libc++";
				CLANG_ENABLE_MODULES = YES;
				CLANG_ENABLE_OBJC_ARC = YES;
				CLANG_WARN_BLOCK_CAPTURE_AUTORELEASING = YES;
				CLANG_WARN_BOOL_CONVERSION = YES;
				CLANG_WARN_COMMA = YES;
				CLANG_WARN_CONSTANT_CONVERSION = YES;
				CLANG_WARN_DIRECT_OBJC_ISA_USAGE = YES_ERROR;
				CLANG_WARN_DOCUMENTATION_COMMENTS = YES;
				CLANG_WARN_EMPTY_BODY = YES;
				CLANG_WARN_ENUM_CONVERSION = YES;
				CLANG_WARN_INFINITE_RECURSION = YES;
				CLANG_WARN_INT_CONVERSION = YES;
				CLANG_WARN_NON_LITERAL_NULL_CONVERSION = YES;
				CLANG_WARN_OBJC_LITERAL_CONVERSION = YES;
				CLANG_WARN_OBJC_ROOT_CLASS = YES_ERROR;
				CLANG_WARN_RANGE_LOOP_ANALYSIS = YES;
				CLANG_WARN_STRICT_PROTOTYPES = YES;
				CLANG_WARN_SUSPICIOUS_MOVE = YES;
				CLANG_WARN_UNGUARDED_AVAILABILITY = YES_AGGRESSIVE;
				CLANG_WARN_UNREACHABLE_CODE = YES;
				CLANG_WARN__DUPLICATE_METHOD_MATCH = YES;
				CODE_SIGN_IDENTITY = "iPhone Developer";
				COPY_PHASE_STRIP = NO;
				DEBUG_INFORMATION_FORMAT = "dwarf-with-dsym";
				ENABLE_NS_ASSERTIONS = NO;
				ENABLE_STRICT_OBJC_MSGSEND = YES;
				GCC_C_LANGUAGE_STANDARD = gnu11;
				GCC_NO_COMMON_BLOCKS = YES;
				GCC_WARN_64_TO_32_BIT_CONVERSION = YES;
				GCC_WARN_ABOUT_RETURN_TYPE = YES_ERROR;
				GCC_WARN_UNDECLARED_SELECTOR = YES;
				GCC_WARN_UNINITIALIZED_AUTOS = YES_AGGRESSIVE;
				GCC_WARN_UNUSED_FUNCTION = YES;
				GCC_WARN_UNUSED_VARIABLE = YES;
				IPHONEOS_DEPLOYMENT_TARGET = 11.2;
				MTL_ENABLE_DEBUG_INFO = NO;
				SDKROOT = iphoneos;
				SWIFT_OPTIMIZATION_LEVEL = "-Owholemodule";
				VALIDATE_PRODUCT = YES;
			};
			name = Release;
		};
		76A3C7AA206C6A8500E6F6A1 /* Debug */ = {
			isa = XCBuildConfiguration;
			buildSettings = {
				ASSETCATALOG_COMPILER_APPICON_NAME = AppIcon;
				CODE_SIGN_STYLE = Automatic;
				INFOPLIST_FILE = Buggy/Info.plist;
				LD_RUNPATH_SEARCH_PATHS = "$(inherited) @executable_path/Frameworks";
				PRODUCT_BUNDLE_IDENTIFIER = com.asb.Buggy;
				PRODUCT_NAME = "$(TARGET_NAME)";
				SWIFT_VERSION = 4.0;
				TARGETED_DEVICE_FAMILY = "1,2";
			};
			name = Debug;
		};
		76A3C7AB206C6A8500E6F6A1 /* Release */ = {
			isa = XCBuildConfiguration;
			buildSettings = {
				ASSETCATALOG_COMPILER_APPICON_NAME = AppIcon;
				CODE_SIGN_STYLE = Automatic;
				INFOPLIST_FILE = Buggy/Info.plist;
				LD_RUNPATH_SEARCH_PATHS = "$(inherited) @executable_path/Frameworks";
				PRODUCT_BUNDLE_IDENTIFIER = com.asb.Buggy;
				PRODUCT_NAME = "$(TARGET_NAME)";
				SWIFT_VERSION = 4.0;
				TARGETED_DEVICE_FAMILY = "1,2";
			};
			name = Release;
		};
		76A3C7AD206C6A8500E6F6A1 /* Debug */ = {
			isa = XCBuildConfiguration;
			buildSettings = {
				ALWAYS_EMBED_SWIFT_STANDARD_LIBRARIES = YES;
				BUNDLE_LOADER = "$(TEST_HOST)";
				CODE_SIGN_STYLE = Automatic;
				INFOPLIST_FILE = BuggyTests/Info.plist;
				LD_RUNPATH_SEARCH_PATHS = "$(inherited) @executable_path/Frameworks @loader_path/Frameworks";
				PRODUCT_BUNDLE_IDENTIFIER = com.asb.BuggyTests;
				PRODUCT_NAME = "$(TARGET_NAME)";
				SWIFT_VERSION = 4.0;
				TARGETED_DEVICE_FAMILY = "1,2";
				TEST_HOST = "$(BUILT_PRODUCTS_DIR)/Buggy.app/Buggy";
			};
			name = Debug;
		};
		76A3C7AE206C6A8500E6F6A1 /* Release */ = {
			isa = XCBuildConfiguration;
			buildSettings = {
				ALWAYS_EMBED_SWIFT_STANDARD_LIBRARIES = YES;
				BUNDLE_LOADER = "$(TEST_HOST)";
				CODE_SIGN_STYLE = Automatic;
				INFOPLIST_FILE = BuggyTests/Info.plist;
				LD_RUNPATH_SEARCH_PATHS = "$(inherited) @executable_path/Frameworks @loader_path/Frameworks";
				PRODUCT_BUNDLE_IDENTIFIER = com.asb.BuggyTests;
				PRODUCT_NAME = "$(TARGET_NAME)";
				SWIFT_VERSION = 4.0;
				TARGETED_DEVICE_FAMILY = "1,2";
				TEST_HOST = "$(BUILT_PRODUCTS_DIR)/Buggy.app/Buggy";
			};
			name = Release;
		};
		76A3C7B0206C6A8500E6F6A1 /* Debug */ = {
			isa = XCBuildConfiguration;
			buildSettings = {
				ALWAYS_EMBED_SWIFT_STANDARD_LIBRARIES = YES;
				CODE_SIGN_STYLE = Automatic;
				INFOPLIST_FILE = BuggyUITests/Info.plist;
				LD_RUNPATH_SEARCH_PATHS = "$(inherited) @executable_path/Frameworks @loader_path/Frameworks";
				PRODUCT_BUNDLE_IDENTIFIER = com.asb.BuggyUITests;
				PRODUCT_NAME = "$(TARGET_NAME)";
				SWIFT_VERSION = 4.0;
				TARGETED_DEVICE_FAMILY = "1,2";
				TEST_TARGET_NAME = Buggy;
			};
			name = Debug;
		};
		76A3C7B1206C6A8500E6F6A1 /* Release */ = {
			isa = XCBuildConfiguration;
			buildSettings = {
				ALWAYS_EMBED_SWIFT_STANDARD_LIBRARIES = YES;
				CODE_SIGN_STYLE = Automatic;
				INFOPLIST_FILE = BuggyUITests/Info.plist;
				LD_RUNPATH_SEARCH_PATHS = "$(inherited) @executable_path/Frameworks @loader_path/Frameworks";
				PRODUCT_BUNDLE_IDENTIFIER = com.asb.BuggyUITests;
				PRODUCT_NAME = "$(TARGET_NAME)";
				SWIFT_VERSION = 4.0;
				TARGETED_DEVICE_FAMILY = "1,2";
				TEST_TARGET_NAME = Buggy;
			};
			name = Release;
		};
/* End XCBuildConfiguration section */

/* Begin XCConfigurationList section */
		76A3C77C206C6A8500E6F6A1 /* Build configuration list for PBXProject "Buggy" */ = {
			isa = XCConfigurationList;
			buildConfigurations = (
				76A3C7A7206C6A8500E6F6A1 /* Debug */,
				76A3C7A8206C6A8500E6F6A1 /* Release */,
			);
			defaultConfigurationIsVisible = 0;
			defaultConfigurationName = Release;
		};
		76A3C7A9206C6A8500E6F6A1 /* Build configuration list for PBXNativeTarget "Buggy" */ = {
			isa = XCConfigurationList;
			buildConfigurations = (
				76A3C7AA206C6A8500E6F6A1 /* Debug */,
				76A3C7AB206C6A8500E6F6A1 /* Release */,
			);
			defaultConfigurationIsVisible = 0;
			defaultConfigurationName = Release;
		};
		76A3C7AC206C6A8500E6F6A1 /* Build configuration list for PBXNativeTarget "BuggyTests" */ = {
			isa = XCConfigurationList;
			buildConfigurations = (
				76A3C7AD206C6A8500E6F6A1 /* Debug */,
				76A3C7AE206C6A8500E6F6A1 /* Release */,
			);
			defaultConfigurationIsVisible = 0;
			defaultConfigurationName = Release;
		};
		76A3C7AF206C6A8500E6F6A1 /* Build configuration list for PBXNativeTarget "BuggyUITests" */ = {
			isa = XCConfigurationList;
			buildConfigurations = (
				76A3C7B0206C6A8500E6F6A1 /* Debug */,
				76A3C7B1206C6A8500E6F6A1 /* Release */,
			);
			defaultConfigurationIsVisible = 0;
			defaultConfigurationName = Release;
		};
/* End XCConfigurationList section */
	};
	rootObject = 76A3C779206C6A8500E6F6A1 /* Project object */;
}
